// !$*UTF8*$!
{
	archiveVersion = 1;
	classes = {
	};
	objectVersion = 50;
	objects = {

/* Begin PBXBuildFile section */
		2388414AE92E9521DE9E6CFD /* Pods_CRM_project.framework in Frameworks */ = {isa = PBXBuildFile; fileRef = E3E56CA92D326481FCFDB838 /* Pods_CRM_project.framework */; };
		95353EAC212338BD00648B56 /* AppDelegate.swift in Sources */ = {isa = PBXBuildFile; fileRef = 95353EAB212338BD00648B56 /* AppDelegate.swift */; };
		95353EB1212338BD00648B56 /* Main.storyboard in Resources */ = {isa = PBXBuildFile; fileRef = 95353EAF212338BD00648B56 /* Main.storyboard */; };
		95353EB4212338BD00648B56 /* CRM_project.xcdatamodeld in Sources */ = {isa = PBXBuildFile; fileRef = 95353EB2212338BD00648B56 /* CRM_project.xcdatamodeld */; };
		95353EB6212338BD00648B56 /* Assets.xcassets in Resources */ = {isa = PBXBuildFile; fileRef = 95353EB5212338BD00648B56 /* Assets.xcassets */; };
		95353EB9212338BD00648B56 /* LaunchScreen.storyboard in Resources */ = {isa = PBXBuildFile; fileRef = 95353EB7212338BD00648B56 /* LaunchScreen.storyboard */; };
		95353EC4212338BE00648B56 /* CRM_projectTests.swift in Sources */ = {isa = PBXBuildFile; fileRef = 95353EC3212338BE00648B56 /* CRM_projectTests.swift */; };
		95353ECF212338BE00648B56 /* CRM_projectUITests.swift in Sources */ = {isa = PBXBuildFile; fileRef = 95353ECE212338BE00648B56 /* CRM_projectUITests.swift */; };
		95353EDD21233DFC00648B56 /* ClientInfo.swift in Sources */ = {isa = PBXBuildFile; fileRef = 95353EDC21233DFC00648B56 /* ClientInfo.swift */; };
		95353EDF21233ECB00648B56 /* ProjectInfo.swift in Sources */ = {isa = PBXBuildFile; fileRef = 95353EDE21233ECB00648B56 /* ProjectInfo.swift */; };
		95353EE12123444D00648B56 /* ClientsTableViewController.swift in Sources */ = {isa = PBXBuildFile; fileRef = 95353EE02123444D00648B56 /* ClientsTableViewController.swift */; };
		95353EE32123446900648B56 /* ProjectsTableViewController.swift in Sources */ = {isa = PBXBuildFile; fileRef = 95353EE22123446900648B56 /* ProjectsTableViewController.swift */; };
		95353EE7212344C100648B56 /* ClientsTableViewCell.swift in Sources */ = {isa = PBXBuildFile; fileRef = 95353EE6212344C100648B56 /* ClientsTableViewCell.swift */; };
		95353EEC212345F000648B56 /* ProjectsTableViewCell.swift in Sources */ = {isa = PBXBuildFile; fileRef = 95353EEB212345F000648B56 /* ProjectsTableViewCell.swift */; };
		95353EEE212346DC00648B56 /* ProjectDetailsViewController.swift in Sources */ = {isa = PBXBuildFile; fileRef = 95353EED212346DC00648B56 /* ProjectDetailsViewController.swift */; };
		95353EF121239C9200648B56 /* ClientsInfoAPI.swift in Sources */ = {isa = PBXBuildFile; fileRef = 95353EF021239C9200648B56 /* ClientsInfoAPI.swift */; };
		95353EF32124820100648B56 /* clientsData.json in Resources */ = {isa = PBXBuildFile; fileRef = 95353EF22124820100648B56 /* clientsData.json */; };
/* End PBXBuildFile section */

/* Begin PBXContainerItemProxy section */
		95353EC0212338BE00648B56 /* PBXContainerItemProxy */ = {
			isa = PBXContainerItemProxy;
			containerPortal = 95353EA0212338BD00648B56 /* Project object */;
			proxyType = 1;
			remoteGlobalIDString = 95353EA7212338BD00648B56;
			remoteInfo = "CRM-project";
		};
		95353ECB212338BE00648B56 /* PBXContainerItemProxy */ = {
			isa = PBXContainerItemProxy;
			containerPortal = 95353EA0212338BD00648B56 /* Project object */;
			proxyType = 1;
			remoteGlobalIDString = 95353EA7212338BD00648B56;
			remoteInfo = "CRM-project";
		};
/* End PBXContainerItemProxy section */

/* Begin PBXFileReference section */
		5C913A49FD11D1FF7F7A6190 /* Pods-CRM-project.debug.xcconfig */ = {isa = PBXFileReference; includeInIndex = 1; lastKnownFileType = text.xcconfig; name = "Pods-CRM-project.debug.xcconfig"; path = "Pods/Target Support Files/Pods-CRM-project/Pods-CRM-project.debug.xcconfig"; sourceTree = "<group>"; };
		95353EA8212338BD00648B56 /* CRM-project.app */ = {isa = PBXFileReference; explicitFileType = wrapper.application; includeInIndex = 0; path = "CRM-project.app"; sourceTree = BUILT_PRODUCTS_DIR; };
		95353EAB212338BD00648B56 /* AppDelegate.swift */ = {isa = PBXFileReference; lastKnownFileType = sourcecode.swift; path = AppDelegate.swift; sourceTree = "<group>"; };
		95353EB0212338BD00648B56 /* Base */ = {isa = PBXFileReference; lastKnownFileType = file.storyboard; name = Base; path = Base.lproj/Main.storyboard; sourceTree = "<group>"; };
		95353EB3212338BD00648B56 /* CRM_project.xcdatamodel */ = {isa = PBXFileReference; lastKnownFileType = wrapper.xcdatamodel; path = CRM_project.xcdatamodel; sourceTree = "<group>"; };
		95353EB5212338BD00648B56 /* Assets.xcassets */ = {isa = PBXFileReference; lastKnownFileType = folder.assetcatalog; path = Assets.xcassets; sourceTree = "<group>"; };
		95353EB8212338BD00648B56 /* Base */ = {isa = PBXFileReference; lastKnownFileType = file.storyboard; name = Base; path = Base.lproj/LaunchScreen.storyboard; sourceTree = "<group>"; };
		95353EBA212338BD00648B56 /* Info.plist */ = {isa = PBXFileReference; lastKnownFileType = text.plist.xml; path = Info.plist; sourceTree = "<group>"; };
		95353EBF212338BE00648B56 /* CRM-projectTests.xctest */ = {isa = PBXFileReference; explicitFileType = wrapper.cfbundle; includeInIndex = 0; path = "CRM-projectTests.xctest"; sourceTree = BUILT_PRODUCTS_DIR; };
		95353EC3212338BE00648B56 /* CRM_projectTests.swift */ = {isa = PBXFileReference; lastKnownFileType = sourcecode.swift; path = CRM_projectTests.swift; sourceTree = "<group>"; };
		95353EC5212338BE00648B56 /* Info.plist */ = {isa = PBXFileReference; lastKnownFileType = text.plist.xml; path = Info.plist; sourceTree = "<group>"; };
		95353ECA212338BE00648B56 /* CRM-projectUITests.xctest */ = {isa = PBXFileReference; explicitFileType = wrapper.cfbundle; includeInIndex = 0; path = "CRM-projectUITests.xctest"; sourceTree = BUILT_PRODUCTS_DIR; };
		95353ECE212338BE00648B56 /* CRM_projectUITests.swift */ = {isa = PBXFileReference; lastKnownFileType = sourcecode.swift; path = CRM_projectUITests.swift; sourceTree = "<group>"; };
		95353ED0212338BE00648B56 /* Info.plist */ = {isa = PBXFileReference; lastKnownFileType = text.plist.xml; path = Info.plist; sourceTree = "<group>"; };
		95353EDC21233DFC00648B56 /* ClientInfo.swift */ = {isa = PBXFileReference; lastKnownFileType = sourcecode.swift; path = ClientInfo.swift; sourceTree = "<group>"; };
		95353EDE21233ECB00648B56 /* ProjectInfo.swift */ = {isa = PBXFileReference; lastKnownFileType = sourcecode.swift; path = ProjectInfo.swift; sourceTree = "<group>"; };
		95353EE02123444D00648B56 /* ClientsTableViewController.swift */ = {isa = PBXFileReference; lastKnownFileType = sourcecode.swift; path = ClientsTableViewController.swift; sourceTree = "<group>"; };
		95353EE22123446900648B56 /* ProjectsTableViewController.swift */ = {isa = PBXFileReference; lastKnownFileType = sourcecode.swift; path = ProjectsTableViewController.swift; sourceTree = "<group>"; };
		95353EE6212344C100648B56 /* ClientsTableViewCell.swift */ = {isa = PBXFileReference; lastKnownFileType = sourcecode.swift; path = ClientsTableViewCell.swift; sourceTree = "<group>"; };
		95353EEB212345F000648B56 /* ProjectsTableViewCell.swift */ = {isa = PBXFileReference; lastKnownFileType = sourcecode.swift; path = ProjectsTableViewCell.swift; sourceTree = "<group>"; };
		95353EED212346DC00648B56 /* ProjectDetailsViewController.swift */ = {isa = PBXFileReference; lastKnownFileType = sourcecode.swift; path = ProjectDetailsViewController.swift; sourceTree = "<group>"; };
		95353EF021239C9200648B56 /* ClientsInfoAPI.swift */ = {isa = PBXFileReference; lastKnownFileType = sourcecode.swift; path = ClientsInfoAPI.swift; sourceTree = "<group>"; };
		95353EF22124820100648B56 /* clientsData.json */ = {isa = PBXFileReference; fileEncoding = 4; lastKnownFileType = text.json; path = clientsData.json; sourceTree = "<group>"; };
		AB9D64DD7A72A73048B830B9 /* Pods-CRM-project.release.xcconfig */ = {isa = PBXFileReference; includeInIndex = 1; lastKnownFileType = text.xcconfig; name = "Pods-CRM-project.release.xcconfig"; path = "Pods/Target Support Files/Pods-CRM-project/Pods-CRM-project.release.xcconfig"; sourceTree = "<group>"; };
		E3E56CA92D326481FCFDB838 /* Pods_CRM_project.framework */ = {isa = PBXFileReference; explicitFileType = wrapper.framework; includeInIndex = 0; path = Pods_CRM_project.framework; sourceTree = BUILT_PRODUCTS_DIR; };
/* End PBXFileReference section */

/* Begin PBXFrameworksBuildPhase section */
		95353EA5212338BD00648B56 /* Frameworks */ = {
			isa = PBXFrameworksBuildPhase;
			buildActionMask = 2147483647;
			files = (
				2388414AE92E9521DE9E6CFD /* Pods_CRM_project.framework in Frameworks */,
			);
			runOnlyForDeploymentPostprocessing = 0;
		};
		95353EBC212338BE00648B56 /* Frameworks */ = {
			isa = PBXFrameworksBuildPhase;
			buildActionMask = 2147483647;
			files = (
			);
			runOnlyForDeploymentPostprocessing = 0;
		};
		95353EC7212338BE00648B56 /* Frameworks */ = {
			isa = PBXFrameworksBuildPhase;
			buildActionMask = 2147483647;
			files = (
			);
			runOnlyForDeploymentPostprocessing = 0;
		};
/* End PBXFrameworksBuildPhase section */

/* Begin PBXGroup section */
		0E99DE6EE641071FE4471ED5 /* Pods */ = {
			isa = PBXGroup;
			children = (
				5C913A49FD11D1FF7F7A6190 /* Pods-CRM-project.debug.xcconfig */,
				AB9D64DD7A72A73048B830B9 /* Pods-CRM-project.release.xcconfig */,
			);
			name = Pods;
			sourceTree = "<group>";
		};
		95353E9F212338BD00648B56 = {
			isa = PBXGroup;
			children = (
				95353EAA212338BD00648B56 /* CRM-project */,
				95353EC2212338BE00648B56 /* CRM-projectTests */,
				95353ECD212338BE00648B56 /* CRM-projectUITests */,
				95353EA9212338BD00648B56 /* Products */,
				0E99DE6EE641071FE4471ED5 /* Pods */,
				A0A9880B1E56E1BF155B4EF8 /* Frameworks */,
			);
			sourceTree = "<group>";
		};
		95353EA9212338BD00648B56 /* Products */ = {
			isa = PBXGroup;
			children = (
				95353EA8212338BD00648B56 /* CRM-project.app */,
				95353EBF212338BE00648B56 /* CRM-projectTests.xctest */,
				95353ECA212338BE00648B56 /* CRM-projectUITests.xctest */,
			);
			name = Products;
			sourceTree = "<group>";
		};
		95353EAA212338BD00648B56 /* CRM-project */ = {
			isa = PBXGroup;
			children = (
				95353EEF212346FE00648B56 /* TableViewCells */,
				95353EE9212344E200648B56 /* ViewControllers */,
				95353EE8212344D100648B56 /* Model */,
				95353EEA2123458B00648B56 /* Supporting Files */,
				95353EAF212338BD00648B56 /* Main.storyboard */,
				95353EF22124820100648B56 /* clientsData.json */,
				95353EB2212338BD00648B56 /* CRM_project.xcdatamodeld */,
				95353EBA212338BD00648B56 /* Info.plist */,
			);
			path = "CRM-project";
			sourceTree = "<group>";
		};
		95353EC2212338BE00648B56 /* CRM-projectTests */ = {
			isa = PBXGroup;
			children = (
				95353EC3212338BE00648B56 /* CRM_projectTests.swift */,
				95353EC5212338BE00648B56 /* Info.plist */,
			);
			path = "CRM-projectTests";
			sourceTree = "<group>";
		};
		95353ECD212338BE00648B56 /* CRM-projectUITests */ = {
			isa = PBXGroup;
			children = (
				95353ECE212338BE00648B56 /* CRM_projectUITests.swift */,
				95353ED0212338BE00648B56 /* Info.plist */,
			);
			path = "CRM-projectUITests";
			sourceTree = "<group>";
		};
		95353EE8212344D100648B56 /* Model */ = {
			isa = PBXGroup;
			children = (
				95353EDC21233DFC00648B56 /* ClientInfo.swift */,
				95353EDE21233ECB00648B56 /* ProjectInfo.swift */,
			);
			path = Model;
			sourceTree = "<group>";
		};
		95353EE9212344E200648B56 /* ViewControllers */ = {
			isa = PBXGroup;
			children = (
				95353EE02123444D00648B56 /* ClientsTableViewController.swift */,
				95353EF021239C9200648B56 /* ClientsInfoAPI.swift */,
				95353EE22123446900648B56 /* ProjectsTableViewController.swift */,
				95353EED212346DC00648B56 /* ProjectDetailsViewController.swift */,
			);
			path = ViewControllers;
			sourceTree = "<group>";
		};
		95353EEA2123458B00648B56 /* Supporting Files */ = {
			isa = PBXGroup;
			children = (
				95353EAB212338BD00648B56 /* AppDelegate.swift */,
				95353EB7212338BD00648B56 /* LaunchScreen.storyboard */,
				95353EB5212338BD00648B56 /* Assets.xcassets */,
			);
			path = "Supporting Files";
			sourceTree = "<group>";
		};
		95353EEF212346FE00648B56 /* TableViewCells */ = {
			isa = PBXGroup;
			children = (
				95353EE6212344C100648B56 /* ClientsTableViewCell.swift */,
				95353EEB212345F000648B56 /* ProjectsTableViewCell.swift */,
			);
			path = TableViewCells;
			sourceTree = "<group>";
		};
		A0A9880B1E56E1BF155B4EF8 /* Frameworks */ = {
			isa = PBXGroup;
			children = (
				E3E56CA92D326481FCFDB838 /* Pods_CRM_project.framework */,
			);
			name = Frameworks;
			sourceTree = "<group>";
		};
/* End PBXGroup section */

/* Begin PBXNativeTarget section */
		95353EA7212338BD00648B56 /* CRM-project */ = {
			isa = PBXNativeTarget;
			buildConfigurationList = 95353ED3212338BE00648B56 /* Build configuration list for PBXNativeTarget "CRM-project" */;
			buildPhases = (
				2A38340A73D6E96D5412C8D8 /* [CP] Check Pods Manifest.lock */,
				95353EA4212338BD00648B56 /* Sources */,
				95353EA5212338BD00648B56 /* Frameworks */,
				95353EA6212338BD00648B56 /* Resources */,
				232682A04EF6FE0B1511772B /* [CP] Embed Pods Frameworks */,
			);
			buildRules = (
			);
			dependencies = (
			);
			name = "CRM-project";
			productName = "CRM-project";
			productReference = 95353EA8212338BD00648B56 /* CRM-project.app */;
			productType = "com.apple.product-type.application";
		};
		95353EBE212338BE00648B56 /* CRM-projectTests */ = {
			isa = PBXNativeTarget;
			buildConfigurationList = 95353ED6212338BE00648B56 /* Build configuration list for PBXNativeTarget "CRM-projectTests" */;
			buildPhases = (
				95353EBB212338BE00648B56 /* Sources */,
				95353EBC212338BE00648B56 /* Frameworks */,
				95353EBD212338BE00648B56 /* Resources */,
			);
			buildRules = (
			);
			dependencies = (
				95353EC1212338BE00648B56 /* PBXTargetDependency */,
			);
			name = "CRM-projectTests";
			productName = "CRM-projectTests";
			productReference = 95353EBF212338BE00648B56 /* CRM-projectTests.xctest */;
			productType = "com.apple.product-type.bundle.unit-test";
		};
		95353EC9212338BE00648B56 /* CRM-projectUITests */ = {
			isa = PBXNativeTarget;
			buildConfigurationList = 95353ED9212338BE00648B56 /* Build configuration list for PBXNativeTarget "CRM-projectUITests" */;
			buildPhases = (
				95353EC6212338BE00648B56 /* Sources */,
				95353EC7212338BE00648B56 /* Frameworks */,
				95353EC8212338BE00648B56 /* Resources */,
			);
			buildRules = (
			);
			dependencies = (
				95353ECC212338BE00648B56 /* PBXTargetDependency */,
			);
			name = "CRM-projectUITests";
			productName = "CRM-projectUITests";
			productReference = 95353ECA212338BE00648B56 /* CRM-projectUITests.xctest */;
			productType = "com.apple.product-type.bundle.ui-testing";
		};
/* End PBXNativeTarget section */

/* Begin PBXProject section */
		95353EA0212338BD00648B56 /* Project object */ = {
			isa = PBXProject;
			attributes = {
				LastSwiftUpdateCheck = 1000;
				LastUpgradeCheck = 1000;
				ORGANIZATIONNAME = Nikolay;
				TargetAttributes = {
					95353EA7212338BD00648B56 = {
						CreatedOnToolsVersion = 10.0;
					};
					95353EBE212338BE00648B56 = {
						CreatedOnToolsVersion = 10.0;
						TestTargetID = 95353EA7212338BD00648B56;
					};
					95353EC9212338BE00648B56 = {
						CreatedOnToolsVersion = 10.0;
						TestTargetID = 95353EA7212338BD00648B56;
					};
				};
			};
			buildConfigurationList = 95353EA3212338BD00648B56 /* Build configuration list for PBXProject "CRM-project" */;
			compatibilityVersion = "Xcode 9.3";
			developmentRegion = en;
			hasScannedForEncodings = 0;
			knownRegions = (
				en,
				Base,
			);
			mainGroup = 95353E9F212338BD00648B56;
			productRefGroup = 95353EA9212338BD00648B56 /* Products */;
			projectDirPath = "";
			projectRoot = "";
			targets = (
				95353EA7212338BD00648B56 /* CRM-project */,
				95353EBE212338BE00648B56 /* CRM-projectTests */,
				95353EC9212338BE00648B56 /* CRM-projectUITests */,
			);
		};
/* End PBXProject section */

/* Begin PBXResourcesBuildPhase section */
		95353EA6212338BD00648B56 /* Resources */ = {
			isa = PBXResourcesBuildPhase;
			buildActionMask = 2147483647;
			files = (
				95353EB9212338BD00648B56 /* LaunchScreen.storyboard in Resources */,
				95353EB6212338BD00648B56 /* Assets.xcassets in Resources */,
				95353EB1212338BD00648B56 /* Main.storyboard in Resources */,
				95353EF32124820100648B56 /* clientsData.json in Resources */,
			);
			runOnlyForDeploymentPostprocessing = 0;
		};
		95353EBD212338BE00648B56 /* Resources */ = {
			isa = PBXResourcesBuildPhase;
			buildActionMask = 2147483647;
			files = (
			);
			runOnlyForDeploymentPostprocessing = 0;
		};
		95353EC8212338BE00648B56 /* Resources */ = {
			isa = PBXResourcesBuildPhase;
			buildActionMask = 2147483647;
			files = (
			);
			runOnlyForDeploymentPostprocessing = 0;
		};
/* End PBXResourcesBuildPhase section */

/* Begin PBXShellScriptBuildPhase section */
		232682A04EF6FE0B1511772B /* [CP] Embed Pods Frameworks */ = {
			isa = PBXShellScriptBuildPhase;
			buildActionMask = 2147483647;
			files = (
			);
			inputPaths = (
				"${SRCROOT}/Pods/Target Support Files/Pods-CRM-project/Pods-CRM-project-frameworks.sh",
				"${BUILT_PRODUCTS_DIR}/Alamofire/Alamofire.framework",
				"${BUILT_PRODUCTS_DIR}/SwiftyJSON/SwiftyJSON.framework",
			);
			name = "[CP] Embed Pods Frameworks";
			outputPaths = (
				"${TARGET_BUILD_DIR}/${FRAMEWORKS_FOLDER_PATH}/Alamofire.framework",
				"${TARGET_BUILD_DIR}/${FRAMEWORKS_FOLDER_PATH}/SwiftyJSON.framework",
			);
			runOnlyForDeploymentPostprocessing = 0;
			shellPath = /bin/sh;
			shellScript = "\"${SRCROOT}/Pods/Target Support Files/Pods-CRM-project/Pods-CRM-project-frameworks.sh\"\n";
			showEnvVarsInLog = 0;
		};
		2A38340A73D6E96D5412C8D8 /* [CP] Check Pods Manifest.lock */ = {
			isa = PBXShellScriptBuildPhase;
			buildActionMask = 2147483647;
			files = (
			);
			inputPaths = (
				"${PODS_PODFILE_DIR_PATH}/Podfile.lock",
				"${PODS_ROOT}/Manifest.lock",
			);
			name = "[CP] Check Pods Manifest.lock";
			outputPaths = (
				"$(DERIVED_FILE_DIR)/Pods-CRM-project-checkManifestLockResult.txt",
			);
			runOnlyForDeploymentPostprocessing = 0;
			shellPath = /bin/sh;
			shellScript = "diff \"${PODS_PODFILE_DIR_PATH}/Podfile.lock\" \"${PODS_ROOT}/Manifest.lock\" > /dev/null\nif [ $? != 0 ] ; then\n    # print error to STDERR\n    echo \"error: The sandbox is not in sync with the Podfile.lock. Run 'pod install' or update your CocoaPods installation.\" >&2\n    exit 1\nfi\n# This output is used by Xcode 'outputs' to avoid re-running this script phase.\necho \"SUCCESS\" > \"${SCRIPT_OUTPUT_FILE_0}\"\n";
			showEnvVarsInLog = 0;
		};
/* End PBXShellScriptBuildPhase section */

/* Begin PBXSourcesBuildPhase section */
		95353EA4212338BD00648B56 /* Sources */ = {
			isa = PBXSourcesBuildPhase;
			buildActionMask = 2147483647;
			files = (
				95353EB4212338BD00648B56 /* CRM_project.xcdatamodeld in Sources */,
				95353EE7212344C100648B56 /* ClientsTableViewCell.swift in Sources */,
				95353EDD21233DFC00648B56 /* ClientInfo.swift in Sources */,
				95353EF121239C9200648B56 /* ClientsInfoAPI.swift in Sources */,
				95353EEC212345F000648B56 /* ProjectsTableViewCell.swift in Sources */,
				95353EAC212338BD00648B56 /* AppDelegate.swift in Sources */,
				95353EE12123444D00648B56 /* ClientsTableViewController.swift in Sources */,
				95353EEE212346DC00648B56 /* ProjectDetailsViewController.swift in Sources */,
				95353EDF21233ECB00648B56 /* ProjectInfo.swift in Sources */,
				95353EE32123446900648B56 /* ProjectsTableViewController.swift in Sources */,
			);
			runOnlyForDeploymentPostprocessing = 0;
		};
		95353EBB212338BE00648B56 /* Sources */ = {
			isa = PBXSourcesBuildPhase;
			buildActionMask = 2147483647;
			files = (
				95353EC4212338BE00648B56 /* CRM_projectTests.swift in Sources */,
			);
			runOnlyForDeploymentPostprocessing = 0;
		};
		95353EC6212338BE00648B56 /* Sources */ = {
			isa = PBXSourcesBuildPhase;
			buildActionMask = 2147483647;
			files = (
				95353ECF212338BE00648B56 /* CRM_projectUITests.swift in Sources */,
			);
			runOnlyForDeploymentPostprocessing = 0;
		};
/* End PBXSourcesBuildPhase section */

/* Begin PBXTargetDependency section */
		95353EC1212338BE00648B56 /* PBXTargetDependency */ = {
			isa = PBXTargetDependency;
			target = 95353EA7212338BD00648B56 /* CRM-project */;
			targetProxy = 95353EC0212338BE00648B56 /* PBXContainerItemProxy */;
		};
		95353ECC212338BE00648B56 /* PBXTargetDependency */ = {
			isa = PBXTargetDependency;
			target = 95353EA7212338BD00648B56 /* CRM-project */;
			targetProxy = 95353ECB212338BE00648B56 /* PBXContainerItemProxy */;
		};
/* End PBXTargetDependency section */

/* Begin PBXVariantGroup section */
		95353EAF212338BD00648B56 /* Main.storyboard */ = {
			isa = PBXVariantGroup;
			children = (
				95353EB0212338BD00648B56 /* Base */,
			);
			name = Main.storyboard;
			sourceTree = "<group>";
		};
		95353EB7212338BD00648B56 /* LaunchScreen.storyboard */ = {
			isa = PBXVariantGroup;
			children = (
				95353EB8212338BD00648B56 /* Base */,
			);
			name = LaunchScreen.storyboard;
			sourceTree = "<group>";
		};
/* End PBXVariantGroup section */

/* Begin XCBuildConfiguration section */
		95353ED1212338BE00648B56 /* Debug */ = {
			isa = XCBuildConfiguration;
			buildSettings = {
				ALWAYS_SEARCH_USER_PATHS = NO;
				CLANG_ANALYZER_NONNULL = YES;
				CLANG_ANALYZER_NUMBER_OBJECT_CONVERSION = YES_AGGRESSIVE;
				CLANG_CXX_LANGUAGE_STANDARD = "gnu++14";
				CLANG_CXX_LIBRARY = "libc++";
				CLANG_ENABLE_MODULES = YES;
				CLANG_ENABLE_OBJC_ARC = YES;
				CLANG_ENABLE_OBJC_WEAK = YES;
				CLANG_WARN_BLOCK_CAPTURE_AUTORELEASING = YES;
				CLANG_WARN_BOOL_CONVERSION = YES;
				CLANG_WARN_COMMA = YES;
				CLANG_WARN_CONSTANT_CONVERSION = YES;
				CLANG_WARN_DEPRECATED_OBJC_IMPLEMENTATIONS = YES;
				CLANG_WARN_DIRECT_OBJC_ISA_USAGE = YES_ERROR;
				CLANG_WARN_DOCUMENTATION_COMMENTS = YES;
				CLANG_WARN_EMPTY_BODY = YES;
				CLANG_WARN_ENUM_CONVERSION = YES;
				CLANG_WARN_INFINITE_RECURSION = YES;
				CLANG_WARN_INT_CONVERSION = YES;
				CLANG_WARN_NON_LITERAL_NULL_CONVERSION = YES;
				CLANG_WARN_OBJC_IMPLICIT_RETAIN_SELF = YES;
				CLANG_WARN_OBJC_LITERAL_CONVERSION = YES;
				CLANG_WARN_OBJC_ROOT_CLASS = YES_ERROR;
				CLANG_WARN_RANGE_LOOP_ANALYSIS = YES;
				CLANG_WARN_STRICT_PROTOTYPES = YES;
				CLANG_WARN_SUSPICIOUS_MOVE = YES;
				CLANG_WARN_UNGUARDED_AVAILABILITY = YES_AGGRESSIVE;
				CLANG_WARN_UNREACHABLE_CODE = YES;
				CLANG_WARN__DUPLICATE_METHOD_MATCH = YES;
				CODE_SIGN_IDENTITY = "iPhone Developer";
				COPY_PHASE_STRIP = NO;
				DEBUG_INFORMATION_FORMAT = dwarf;
				ENABLE_STRICT_OBJC_MSGSEND = YES;
				ENABLE_TESTABILITY = YES;
				GCC_C_LANGUAGE_STANDARD = gnu11;
				GCC_DYNAMIC_NO_PIC = NO;
				GCC_NO_COMMON_BLOCKS = YES;
				GCC_OPTIMIZATION_LEVEL = 0;
				GCC_PREPROCESSOR_DEFINITIONS = (
					"DEBUG=1",
					"$(inherited)",
				);
				GCC_WARN_64_TO_32_BIT_CONVERSION = YES;
				GCC_WARN_ABOUT_RETURN_TYPE = YES_ERROR;
				GCC_WARN_UNDECLARED_SELECTOR = YES;
				GCC_WARN_UNINITIALIZED_AUTOS = YES_AGGRESSIVE;
				GCC_WARN_UNUSED_FUNCTION = YES;
				GCC_WARN_UNUSED_VARIABLE = YES;
				IPHONEOS_DEPLOYMENT_TARGET = 12.0;
				MTL_ENABLE_DEBUG_INFO = INCLUDE_SOURCE;
				MTL_FAST_MATH = YES;
				ONLY_ACTIVE_ARCH = YES;
				SDKROOT = iphoneos;
				SWIFT_ACTIVE_COMPILATION_CONDITIONS = DEBUG;
				SWIFT_OPTIMIZATION_LEVEL = "-Onone";
			};
			name = Debug;
		};
		95353ED2212338BE00648B56 /* Release */ = {
			isa = XCBuildConfiguration;
			buildSettings = {
				ALWAYS_SEARCH_USER_PATHS = NO;
				CLANG_ANALYZER_NONNULL = YES;
				CLANG_ANALYZER_NUMBER_OBJECT_CONVERSION = YES_AGGRESSIVE;
				CLANG_CXX_LANGUAGE_STANDARD = "gnu++14";
				CLANG_CXX_LIBRARY = "libc++";
				CLANG_ENABLE_MODULES = YES;
				CLANG_ENABLE_OBJC_ARC = YES;
				CLANG_ENABLE_OBJC_WEAK = YES;
				CLANG_WARN_BLOCK_CAPTURE_AUTORELEASING = YES;
				CLANG_WARN_BOOL_CONVERSION = YES;
				CLANG_WARN_COMMA = YES;
				CLANG_WARN_CONSTANT_CONVERSION = YES;
				CLANG_WARN_DEPRECATED_OBJC_IMPLEMENTATIONS = YES;
				CLANG_WARN_DIRECT_OBJC_ISA_USAGE = YES_ERROR;
				CLANG_WARN_DOCUMENTATION_COMMENTS = YES;
				CLANG_WARN_EMPTY_BODY = YES;
				CLANG_WARN_ENUM_CONVERSION = YES;
				CLANG_WARN_INFINITE_RECURSION = YES;
				CLANG_WARN_INT_CONVERSION = YES;
				CLANG_WARN_NON_LITERAL_NULL_CONVERSION = YES;
				CLANG_WARN_OBJC_IMPLICIT_RETAIN_SELF = YES;
				CLANG_WARN_OBJC_LITERAL_CONVERSION = YES;
				CLANG_WARN_OBJC_ROOT_CLASS = YES_ERROR;
				CLANG_WARN_RANGE_LOOP_ANALYSIS = YES;
				CLANG_WARN_STRICT_PROTOTYPES = YES;
				CLANG_WARN_SUSPICIOUS_MOVE = YES;
				CLANG_WARN_UNGUARDED_AVAILABILITY = YES_AGGRESSIVE;
				CLANG_WARN_UNREACHABLE_CODE = YES;
				CLANG_WARN__DUPLICATE_METHOD_MATCH = YES;
				CODE_SIGN_IDENTITY = "iPhone Developer";
				COPY_PHASE_STRIP = NO;
				DEBUG_INFORMATION_FORMAT = "dwarf-with-dsym";
				ENABLE_NS_ASSERTIONS = NO;
				ENABLE_STRICT_OBJC_MSGSEND = YES;
				GCC_C_LANGUAGE_STANDARD = gnu11;
				GCC_NO_COMMON_BLOCKS = YES;
				GCC_WARN_64_TO_32_BIT_CONVERSION = YES;
				GCC_WARN_ABOUT_RETURN_TYPE = YES_ERROR;
				GCC_WARN_UNDECLARED_SELECTOR = YES;
				GCC_WARN_UNINITIALIZED_AUTOS = YES_AGGRESSIVE;
				GCC_WARN_UNUSED_FUNCTION = YES;
				GCC_WARN_UNUSED_VARIABLE = YES;
				IPHONEOS_DEPLOYMENT_TARGET = 12.0;
				MTL_ENABLE_DEBUG_INFO = NO;
				MTL_FAST_MATH = YES;
				SDKROOT = iphoneos;
				SWIFT_COMPILATION_MODE = wholemodule;
				SWIFT_OPTIMIZATION_LEVEL = "-O";
				VALIDATE_PRODUCT = YES;
			};
			name = Release;
		};
		95353ED4212338BE00648B56 /* Debug */ = {
			isa = XCBuildConfiguration;
			baseConfigurationReference = 5C913A49FD11D1FF7F7A6190 /* Pods-CRM-project.debug.xcconfig */;
			buildSettings = {
				ASSETCATALOG_COMPILER_APPICON_NAME = AppIcon;
				CODE_SIGN_STYLE = Automatic;
				DEVELOPMENT_TEAM = PDX8748A9F;
				INFOPLIST_FILE = "CRM-project/Info.plist";
				IPHONEOS_DEPLOYMENT_TARGET = 11.4;
				LD_RUNPATH_SEARCH_PATHS = (
					"$(inherited)",
					"@executable_path/Frameworks",
				);
				PRODUCT_BUNDLE_IDENTIFIER = "com.nshuklin.CRM-project";
				PRODUCT_NAME = "$(TARGET_NAME)";
				SWIFT_VERSION = 4.2;
				TARGETED_DEVICE_FAMILY = "1,2";
			};
			name = Debug;
		};
		95353ED5212338BE00648B56 /* Release */ = {
			isa = XCBuildConfiguration;
			baseConfigurationReference = AB9D64DD7A72A73048B830B9 /* Pods-CRM-project.release.xcconfig */;
			buildSettings = {
				ASSETCATALOG_COMPILER_APPICON_NAME = AppIcon;
				CODE_SIGN_STYLE = Automatic;
				DEVELOPMENT_TEAM = PDX8748A9F;
				INFOPLIST_FILE = "CRM-project/Info.plist";
				IPHONEOS_DEPLOYMENT_TARGET = 11.4;
				LD_RUNPATH_SEARCH_PATHS = (
					"$(inherited)",
					"@executable_path/Frameworks",
				);
				PRODUCT_BUNDLE_IDENTIFIER = "com.nshuklin.CRM-project";
				PRODUCT_NAME = "$(TARGET_NAME)";
				SWIFT_VERSION = 4.2;
				TARGETED_DEVICE_FAMILY = "1,2";
			};
			name = Release;
		};
		95353ED7212338BE00648B56 /* Debug */ = {
			isa = XCBuildConfiguration;
			buildSettings = {
				ALWAYS_EMBED_SWIFT_STANDARD_LIBRARIES = YES;
				BUNDLE_LOADER = "$(TEST_HOST)";
				CODE_SIGN_STYLE = Automatic;
				DEVELOPMENT_TEAM = PDX8748A9F;
				INFOPLIST_FILE = "CRM-projectTests/Info.plist";
				LD_RUNPATH_SEARCH_PATHS = (
					"$(inherited)",
					"@executable_path/Frameworks",
					"@loader_path/Frameworks",
				);
				PRODUCT_BUNDLE_IDENTIFIER = "com.nshuklin.CRM-projectTests";
				PRODUCT_NAME = "$(TARGET_NAME)";
				SWIFT_VERSION = 4.2;
				TARGETED_DEVICE_FAMILY = "1,2";
				TEST_HOST = "$(BUILT_PRODUCTS_DIR)/CRM-project.app/CRM-project";
			};
			name = Debug;
		};
		95353ED8212338BE00648B56 /* Release */ = {
			isa = XCBuildConfiguration;
			buildSettings = {
				ALWAYS_EMBED_SWIFT_STANDARD_LIBRARIES = YES;
				BUNDLE_LOADER = "$(TEST_HOST)";
				CODE_SIGN_STYLE = Automatic;
				DEVELOPMENT_TEAM = PDX8748A9F;
				INFOPLIST_FILE = "CRM-projectTests/Info.plist";
				LD_RUNPATH_SEARCH_PATHS = (
					"$(inherited)",
					"@executable_path/Frameworks",
					"@loader_path/Frameworks",
				);
				PRODUCT_BUNDLE_IDENTIFIER = "com.nshuklin.CRM-projectTests";
				PRODUCT_NAME = "$(TARGET_NAME)";
				SWIFT_VERSION = 4.2;
				TARGETED_DEVICE_FAMILY = "1,2";
				TEST_HOST = "$(BUILT_PRODUCTS_DIR)/CRM-project.app/CRM-project";
			};
			name = Release;
		};
		95353EDA212338BE00648B56 /* Debug */ = {
			isa = XCBuildConfiguration;
			buildSettings = {
				ALWAYS_EMBED_SWIFT_STANDARD_LIBRARIES = YES;
				CODE_SIGN_STYLE = Automatic;
				DEVELOPMENT_TEAM = PDX8748A9F;
				INFOPLIST_FILE = "CRM-projectUITests/Info.plist";
				LD_RUNPATH_SEARCH_PATHS = (
					"$(inherited)",
					"@executable_path/Frameworks",
					"@loader_path/Frameworks",
				);
				PRODUCT_BUNDLE_IDENTIFIER = "com.nshuklin.CRM-projectUITests";
				PRODUCT_NAME = "$(TARGET_NAME)";
				SWIFT_VERSION = 4.2;
				TARGETED_DEVICE_FAMILY = "1,2";
				TEST_TARGET_NAME = "CRM-project";
			};
			name = Debug;
		};
		95353EDB212338BE00648B56 /* Release */ = {
			isa = XCBuildConfiguration;
			buildSettings = {
				ALWAYS_EMBED_SWIFT_STANDARD_LIBRARIES = YES;
				CODE_SIGN_STYLE = Automatic;
				DEVELOPMENT_TEAM = PDX8748A9F;
				INFOPLIST_FILE = "CRM-projectUITests/Info.plist";
				LD_RUNPATH_SEARCH_PATHS = (
					"$(inherited)",
					"@executable_path/Frameworks",
					"@loader_path/Frameworks",
				);
				PRODUCT_BUNDLE_IDENTIFIER = "com.nshuklin.CRM-projectUITests";
				PRODUCT_NAME = "$(TARGET_NAME)";
				SWIFT_VERSION = 4.2;
				TARGETED_DEVICE_FAMILY = "1,2";
				TEST_TARGET_NAME = "CRM-project";
			};
			name = Release;
		};
/* End XCBuildConfiguration section */

/* Begin XCConfigurationList section */
		95353EA3212338BD00648B56 /* Build configuration list for PBXProject "CRM-project" */ = {
			isa = XCConfigurationList;
			buildConfigurations = (
				95353ED1212338BE00648B56 /* Debug */,
				95353ED2212338BE00648B56 /* Release */,
			);
			defaultConfigurationIsVisible = 0;
			defaultConfigurationName = Release;
		};
		95353ED3212338BE00648B56 /* Build configuration list for PBXNativeTarget "CRM-project" */ = {
			isa = XCConfigurationList;
			buildConfigurations = (
				95353ED4212338BE00648B56 /* Debug */,
				95353ED5212338BE00648B56 /* Release */,
			);
			defaultConfigurationIsVisible = 0;
			defaultConfigurationName = Release;
		};
		95353ED6212338BE00648B56 /* Build configuration list for PBXNativeTarget "CRM-projectTests" */ = {
			isa = XCConfigurationList;
			buildConfigurations = (
				95353ED7212338BE00648B56 /* Debug */,
				95353ED8212338BE00648B56 /* Release */,
			);
			defaultConfigurationIsVisible = 0;
			defaultConfigurationName = Release;
		};
		95353ED9212338BE00648B56 /* Build configuration list for PBXNativeTarget "CRM-projectUITests" */ = {
			isa = XCConfigurationList;
			buildConfigurations = (
				95353EDA212338BE00648B56 /* Debug */,
				95353EDB212338BE00648B56 /* Release */,
			);
			defaultConfigurationIsVisible = 0;
			defaultConfigurationName = Release;
		};
/* End XCConfigurationList section */

/* Begin XCVersionGroup section */
		95353EB2212338BD00648B56 /* CRM_project.xcdatamodeld */ = {
			isa = XCVersionGroup;
			children = (
				95353EB3212338BD00648B56 /* CRM_project.xcdatamodel */,
			);
			currentVersion = 95353EB3212338BD00648B56 /* CRM_project.xcdatamodel */;
			path = CRM_project.xcdatamodeld;
			sourceTree = "<group>";
			versionGroupType = wrapper.xcdatamodel;
		};
/* End XCVersionGroup section */
	};
	rootObject = 95353EA0212338BD00648B56 /* Project object */;
}
